<?xml version="1.0" encoding="utf-8"?>
<Project ToolsVersion="4.0" xmlns="http://schemas.microsoft.com/developer/msbuild/2003">
  <ItemGroup>
    <Filter Include="ソース ファイル">
      <UniqueIdentifier>{4FC737F1-C7A5-4376-A066-2A32D752A2FF}</UniqueIdentifier>
      <Extensions>cpp;c;cc;cxx;def;odl;idl;hpj;bat;asm;asmx</Extensions>
    </Filter>
    <Filter Include="ヘッダー ファイル">
      <UniqueIdentifier>{93995380-89BD-4b04-88EB-625FBE52EBFB}</UniqueIdentifier>
      <Extensions>h;hh;hpp;hxx;hm;inl;inc;ipp;xsd</Extensions>
    </Filter>
    <Filter Include="リソース ファイル">
      <UniqueIdentifier>{67DA6AB6-F800-4c08-8B7A-83BB121AAD01}</UniqueIdentifier>
      <Extensions>rc;ico;cur;bmp;dlg;rc2;rct;bin;rgs;gif;jpg;jpeg;jpe;resx;tiff;tif;png;wav;mfcribbon-ms</Extensions>
    </Filter>
    <Filter Include="Loader">
      <UniqueIdentifier>{2a359e55-33bc-459e-bb4d-65e7218c2632}</UniqueIdentifier>
    </Filter>
    <Filter Include="Base">
      <UniqueIdentifier>{4ddcf6d0-d26c-4ed7-bea5-b8ef77c9ae85}</UniqueIdentifier>
    </Filter>
    <Filter Include="Format">
      <UniqueIdentifier>{0a3dee2d-7a1b-444c-b1c3-d2f6978b81a8}</UniqueIdentifier>
    </Filter>
    <Filter Include="Function">
      <UniqueIdentifier>{ac3e030e-ab65-4db3-8ed5-dc9d384780a9}</UniqueIdentifier>
    </Filter>
    <Filter Include="OkdioEngine">
      <UniqueIdentifier>{ac8b2ec6-57a9-4f4d-9ee4-8ba03fd67413}</UniqueIdentifier>
    </Filter>
    <Filter Include="Okdio">
      <UniqueIdentifier>{06388cb4-db93-4fb0-a4a8-6957a8dcaa25}</UniqueIdentifier>
    </Filter>
    <Filter Include="SoundBuffer">
      <UniqueIdentifier>{be98897c-e7e8-42e8-a070-a85e0f2970d7}</UniqueIdentifier>
    </Filter>
    <Filter Include="OkdioList">
      <UniqueIdentifier>{aa1f0034-296f-4132-8072-c3593bb97d83}</UniqueIdentifier>
    </Filter>
  </ItemGroup>
  <ItemGroup>
    <ClCompile Include="Main.cpp">
      <Filter>ソース ファイル</Filter>
    </ClCompile>
    <ClCompile Include="Okdio\Loader\Loader.cpp">
      <Filter>Loader</Filter>
    </ClCompile>
    <ClCompile Include="Okdio\Function\Function.cpp">
      <Filter>Function</Filter>
    </ClCompile>
    <ClCompile Include="Okdio\OkdioEngine.cpp">
      <Filter>OkdioEngine</Filter>
    </ClCompile>
    <ClCompile Include="Okdio\Okdio.cpp">
      <Filter>Okdio</Filter>
    </ClCompile>
    <ClCompile Include="Okdio\SoundBuffer\SoundBuffer.cpp">
      <Filter>SoundBuffer</Filter>
    </ClCompile>
    <ClCompile Include="Okdio\OkdioList\OkdioList.cpp">
      <Filter>OkdioList</Filter>
    </ClCompile>
  </ItemGroup>
  <ItemGroup>
    <ClInclude Include="Okdio\Loader\Loader.h">
      <Filter>Loader</Filter>
    </ClInclude>
    <ClInclude Include="Okdio\Base\Singleton.h">
      <Filter>Base</Filter>
    </ClInclude>
    <ClInclude Include="Okdio\Infomatin.h">
      <Filter>ヘッダー ファイル</Filter>
    </ClInclude>
    <ClInclude Include="Okdio\Format\WavFmt.h">
      <Filter>Format</Filter>
    </ClInclude>
    <ClInclude Include="Okdio\Function\Function.h">
      <Filter>Function</Filter>
    </ClInclude>
    <ClInclude Include="Okdio\OkdioEngine.h">
      <Filter>OkdioEngine</Filter>
    </ClInclude>
    <ClInclude Include="Okdio\Okdio.h">
      <Filter>Okdio</Filter>
    </ClInclude>
    <ClInclude Include="Okdio\SoundBuffer\SoundBuffer.h">
      <Filter>SoundBuffer</Filter>
    </ClInclude>
    <ClInclude Include="Okdio\OkdioList\OkdioList.h">
      <Filter>OkdioList</Filter>
    </ClInclude>
    <ClInclude Include="Okdio\Base\Unknown.h">
      <Filter>Base</Filter>
    </ClInclude>
  </ItemGroup>
</Project>