<?xml version="1.0" encoding="utf-8"?>
<Project ToolsVersion="4.0" xmlns="http://schemas.microsoft.com/developer/msbuild/2003">
  <ItemGroup>
    <Filter Include="ソース ファイル">
      <UniqueIdentifier>{4FC737F1-C7A5-4376-A066-2A32D752A2FF}</UniqueIdentifier>
      <Extensions>cpp;c;cc;cxx;def;odl;idl;hpj;bat;asm;asmx</Extensions>
    </Filter>
    <Filter Include="ヘッダー ファイル">
      <UniqueIdentifier>{93995380-89BD-4b04-88EB-625FBE52EBFB}</UniqueIdentifier>
      <Extensions>h;hh;hpp;hxx;hm;inl;inc;ipp;xsd</Extensions>
    </Filter>
    <Filter Include="リソース ファイル">
      <UniqueIdentifier>{67DA6AB6-F800-4c08-8B7A-83BB121AAD01}</UniqueIdentifier>
      <Extensions>rc;ico;cur;bmp;dlg;rc2;rct;bin;rgs;gif;jpg;jpeg;jpe;resx;tiff;tif;png;wav;mfcribbon-ms</Extensions>
    </Filter>
    <Filter Include="Device">
      <UniqueIdentifier>{48fd2c90-c16e-4654-95da-647424d0d048}</UniqueIdentifier>
    </Filter>
    <Filter Include="Window">
      <UniqueIdentifier>{c7506d51-f6ca-454b-aa3e-468be68b31d2}</UniqueIdentifier>
    </Filter>
    <Filter Include="CommandQueue">
      <UniqueIdentifier>{da25811c-039d-4a19-ae70-c8d96060be02}</UniqueIdentifier>
    </Filter>
    <Filter Include="CommandAllocator">
      <UniqueIdentifier>{06b08d2a-a4b8-41bb-a58e-897a481eb1a3}</UniqueIdentifier>
    </Filter>
    <Filter Include="CommandList">
      <UniqueIdentifier>{738fbe4e-64b2-43c0-a5b7-96c90a15a1b5}</UniqueIdentifier>
    </Filter>
    <Filter Include="Fence">
      <UniqueIdentifier>{f28a7379-9aa3-4582-b810-bc699bda806a}</UniqueIdentifier>
    </Filter>
    <Filter Include="SwapChain">
      <UniqueIdentifier>{6925ed2c-7a2b-48c5-a582-0516eca034e3}</UniqueIdentifier>
    </Filter>
    <Filter Include="Descriptor">
      <UniqueIdentifier>{6314cdd2-10dd-4a82-adb6-a9c9924baf0b}</UniqueIdentifier>
    </Filter>
    <Filter Include="RenderTarget">
      <UniqueIdentifier>{7521eeba-ac17-4e6b-af0e-1de2869272ef}</UniqueIdentifier>
    </Filter>
    <Filter Include="Output">
      <UniqueIdentifier>{1dacda26-2622-4f24-9f65-94f92bb6f3c9}</UniqueIdentifier>
    </Filter>
    <Filter Include="Constant">
      <UniqueIdentifier>{0287e48b-3351-4259-a8ce-1960491d72a9}</UniqueIdentifier>
    </Filter>
    <Filter Include="Acceleration">
      <UniqueIdentifier>{5c56c98f-8933-4333-b961-132323c35f20}</UniqueIdentifier>
    </Filter>
    <Filter Include="ShaderLibrary">
      <UniqueIdentifier>{383580a2-b426-4038-8b21-08108b935b21}</UniqueIdentifier>
    </Filter>
    <Filter Include="RootSignature">
      <UniqueIdentifier>{0142965d-db86-4b19-a084-8a52a06fa207}</UniqueIdentifier>
    </Filter>
    <Filter Include="ClosestHit">
      <UniqueIdentifier>{32117d27-736e-47ab-abbd-a3de9418f01a}</UniqueIdentifier>
    </Filter>
    <Filter Include="Primitive">
      <UniqueIdentifier>{5ae21288-8753-43c5-84aa-fbf0ad1e24b2}</UniqueIdentifier>
    </Filter>
    <Filter Include="Association">
      <UniqueIdentifier>{a722de0a-72cc-4e89-828d-86ebf48fac48}</UniqueIdentifier>
    </Filter>
    <Filter Include="PipeConfig">
      <UniqueIdentifier>{d15414ee-7899-4c32-8f47-906edbfae3c9}</UniqueIdentifier>
    </Filter>
    <Filter Include="ShaderConfig">
      <UniqueIdentifier>{1c125102-6a94-4435-9b6a-cca99410c46a}</UniqueIdentifier>
    </Filter>
  </ItemGroup>
  <ItemGroup>
    <ClCompile Include="Main.cpp">
      <Filter>ソース ファイル</Filter>
    </ClCompile>
    <ClCompile Include="DXR\Device\Device.cpp">
      <Filter>Device</Filter>
    </ClCompile>
    <ClCompile Include="DXR\Window\Window.cpp">
      <Filter>Window</Filter>
    </ClCompile>
    <ClCompile Include="DXR\Queue\Queue.cpp">
      <Filter>CommandQueue</Filter>
    </ClCompile>
    <ClCompile Include="DXR\Allocator\Allocator.cpp">
      <Filter>CommandAllocator</Filter>
    </ClCompile>
    <ClCompile Include="DXR\List\List.cpp">
      <Filter>CommandList</Filter>
    </ClCompile>
    <ClCompile Include="DXR\Fence\Fence.cpp">
      <Filter>Fence</Filter>
    </ClCompile>
    <ClCompile Include="DXR\Swap\Swap.cpp">
      <Filter>SwapChain</Filter>
    </ClCompile>
    <ClCompile Include="DXR\Descriptor\Descriptor.cpp">
      <Filter>Descriptor</Filter>
    </ClCompile>
    <ClCompile Include="DXR\Render\Render.cpp">
      <Filter>RenderTarget</Filter>
    </ClCompile>
    <ClCompile Include="DXR\Output\Output.cpp">
      <Filter>Output</Filter>
    </ClCompile>
    <ClCompile Include="DXR\Constant\Constant.cpp">
      <Filter>Constant</Filter>
    </ClCompile>
    <ClCompile Include="DXR\Acceleration\Acceleration.cpp">
      <Filter>Acceleration</Filter>
    </ClCompile>
    <ClCompile Include="DXR\ShaderLibrary\ShaderLibrary.cpp">
      <Filter>ShaderLibrary</Filter>
    </ClCompile>
    <ClCompile Include="DXR\Root\Root.cpp">
      <Filter>RootSignature</Filter>
    </ClCompile>
    <ClCompile Include="DXR\ClosestHit\ClosestHit.cpp">
      <Filter>ClosestHit</Filter>
    </ClCompile>
    <ClCompile Include="DXR\Helper.cpp">
      <Filter>ソース ファイル</Filter>
    </ClCompile>
    <ClCompile Include="DXR\Primitive\Primitive.cpp">
      <Filter>Primitive</Filter>
    </ClCompile>
    <ClCompile Include="DXR\Association\Association.cpp">
      <Filter>Association</Filter>
    </ClCompile>
    <ClCompile Include="DXR\PipeConfig\pipeConfig.cpp">
      <Filter>PipeConfig</Filter>
    </ClCompile>
    <ClCompile Include="DXR\ShaderConfig\ShaderConfig.cpp">
      <Filter>ShaderConfig</Filter>
    </ClCompile>
  </ItemGroup>
  <ItemGroup>
    <ClInclude Include="DXR\Device\Device.h">
      <Filter>Device</Filter>
    </ClInclude>
    <ClInclude Include="DXR\Window\Window.h">
      <Filter>Window</Filter>
    </ClInclude>
    <ClInclude Include="DXR\Vector2.h">
      <Filter>ヘッダー ファイル</Filter>
    </ClInclude>
    <ClInclude Include="DXR\Queue\Queue.h">
      <Filter>CommandQueue</Filter>
    </ClInclude>
    <ClInclude Include="DXR\Allocator\Allocator.h">
      <Filter>CommandAllocator</Filter>
    </ClInclude>
    <ClInclude Include="DXR\List\List.h">
      <Filter>CommandList</Filter>
    </ClInclude>
    <ClInclude Include="DXR\Fence\Fence.h">
      <Filter>Fence</Filter>
    </ClInclude>
    <ClInclude Include="DXR\Swap\Swap.h">
      <Filter>SwapChain</Filter>
    </ClInclude>
    <ClInclude Include="DXR\Descriptor\Descriptor.h">
      <Filter>Descriptor</Filter>
    </ClInclude>
    <ClInclude Include="DXR\Render\Render.h">
      <Filter>RenderTarget</Filter>
    </ClInclude>
    <ClInclude Include="DXR\Output\Output.h">
      <Filter>Output</Filter>
    </ClInclude>
    <ClInclude Include="DXR\Constant\Constant.h">
      <Filter>Constant</Filter>
    </ClInclude>
    <ClInclude Include="DXR\Vector3.h">
      <Filter>ヘッダー ファイル</Filter>
    </ClInclude>
    <ClInclude Include="DXR\Acceleration\Acceleration.h">
      <Filter>Acceleration</Filter>
    </ClInclude>
    <ClInclude Include="DXR\Matrix.h">
      <Filter>ヘッダー ファイル</Filter>
    </ClInclude>
    <ClInclude Include="DXR\ShaderLibrary\ShaderLibrary.h">
      <Filter>ShaderLibrary</Filter>
    </ClInclude>
    <ClInclude Include="DXR\Root\Root.h">
      <Filter>RootSignature</Filter>
    </ClInclude>
    <ClInclude Include="DXR\ClosestHit\ClosestHit.h">
      <Filter>ClosestHit</Filter>
    </ClInclude>
    <ClInclude Include="DXR\Helper.h">
      <Filter>ヘッダー ファイル</Filter>
    </ClInclude>
    <ClInclude Include="DXR\Primitive\Primitive.h">
      <Filter>Primitive</Filter>
    </ClInclude>
    <ClInclude Include="DXR\Vector4.h">
      <Filter>ヘッダー ファイル</Filter>
    </ClInclude>
    <ClInclude Include="DXR\Association\Association.h">
      <Filter>Association</Filter>
    </ClInclude>
    <ClInclude Include="DXR\PipeConfig\pipeConfig.h">
      <Filter>PipeConfig</Filter>
    </ClInclude>
    <ClInclude Include="DXR\ShaderConfig\ShaderConfig.h">
      <Filter>ShaderConfig</Filter>
    </ClInclude>
  </ItemGroup>
  <ItemGroup>
    <FxCompile Include="HLSL\RayGeneration.hlsl">
      <Filter>リソース ファイル</Filter>
    </FxCompile>
  </ItemGroup>
  <ItemGroup>
    <None Include="HLSL\Header.hlsli">
      <Filter>リソース ファイル</Filter>
    </None>
  </ItemGroup>
</Project>