
Microsoft Visual Studio Solution File, Format Version 12.00
# Visual Studio Version 16
VisualStudioVersion = 16.0.29102.190
MinimumVisualStudioVersion = 10.0.40219.1
Project("{8BC9CEB8-8B4A-11D0-8D11-00A0C91BC942}") = "CoreAudio", "CoreAudio\CoreAudio.vcxproj", "{021CF92F-BECA-448D-A43B-BE92E9789454}"
EndProject
Global
	GlobalSection(SolutionConfigurationPlatforms) = preSolution
		Debug|x64 = Debug|x64
		Debug|x86 = Debug|x86
		Release|x64 = Release|x64
		Release|x86 = Release|x86
	EndGlobalSection
	GlobalSection(ProjectConfigurationPlatforms) = postSolution
		{021CF92F-BECA-448D-A43B-BE92E9789454}.Debug|x64.ActiveCfg = Debug|x64
		{021CF92F-BECA-448D-A43B-BE92E9789454}.Debug|x64.Build.0 = Debug|x64
		{021CF92F-BECA-448D-A43B-BE92E9789454}.Debug|x86.ActiveCfg = Debug|Win32
		{021CF92F-BECA-448D-A43B-BE92E9789454}.Debug|x86.Build.0 = Debug|Win32
		{021CF92F-BECA-448D-A43B-BE92E9789454}.Release|x64.ActiveCfg = Release|x64
		{021CF92F-BECA-448D-A43B-BE92E9789454}.Release|x64.Build.0 = Release|x64
		{021CF92F-BECA-448D-A43B-BE92E9789454}.Release|x86.ActiveCfg = Release|Win32
		{021CF92F-BECA-448D-A43B-BE92E9789454}.Release|x86.Build.0 = Release|Win32
	EndGlobalSection
	GlobalSection(SolutionProperties) = preSolution
		HideSolutionNode = FALSE
	EndGlobalSection
	GlobalSection(ExtensibilityGlobals) = postSolution
		SolutionGuid = {61C69396-E161-4BD7-A787-EBB8E81E636C}
	EndGlobalSection
EndGlobal
